// !$*UTF8*$!
{
	archiveVersion = 1;
	classes = {
	};
	objectVersion = 42;
	objects = {

/* Begin PBXAggregateTarget section */
		6A9FA557024694440CC91562 /* MasterTarget */ = {
			isa = PBXAggregateTarget;
			buildConfigurationList = 4CEBA75808679E4D0015D03E /* Build configuration list for PBXAggregateTarget "MasterTarget" */;
			buildPhases = (
			);
			dependencies = (
				6A9FA6060246ADAE0CC91562 /* PBXTargetDependency */,
				7E5336650BCB36F500A003E7 /* PBXTargetDependency */,
				7E5331BC0BCAE63600A003E7 /* PBXTargetDependency */,
			);
			name = MasterTarget;
			productName = JNIApplication;
		};
/* End PBXAggregateTarget section */

/* Begin PBXApplicationTarget section */
		7E5332550BCAFE6B00A003E7 /* TestJ2DXX-java */ = {
			isa = PBXApplicationTarget;
			buildConfigurationList = 7E5332700BCAFE9400A003E7 /* Build configuration list for PBXApplicationTarget "TestJ2DXX-java" */;
			buildPhases = (
				7E5332510BCAFE6B00A003E7 /* Sources */,
				7E5332520BCAFE6B00A003E7 /* Resources */,
				7E5332530BCAFE6B00A003E7 /* JavaArchive */,
				7E5332540BCAFE6B00A003E7 /* Frameworks */,
				7E5334550BCB281D00A003E7 /* CopyFiles */,
			);
			dependencies = (
				7E5337FD0BCB5D4500A003E7 /* PBXTargetDependency */,
			);
			name = "TestJ2DXX-java";
			productInstallPath = "$(USER_APPS_DIR)";
			productName = TestJ2DXX;
			productReference = 7E5332560BCAFE6B00A003E7 /* TestJ2DXX.app */;
			productSettingsXML = "<?xml version=\"1.0\" encoding=\"UTF-8\"?>
<!DOCTYPE plist PUBLIC \"-//Apple Computer//DTD PLIST 1.0//EN\" \"http://www.apple.com/DTDs/PropertyList-1.0.dtd\">
<plist version=\"1.0\">
<dict>
	<key>CFBundleDevelopmentRegion</key>
	<string>English</string>
	<key>CFBundleExecutable</key>
	<string>TestJ2DXX-java.app</string>
	<key>CFBundleGetInfoString</key>
	<string></string>
	<key>CFBundleIconFile</key>
	<string></string>
	<key>CFBundleIdentifier</key>
	<string></string>
	<key>CFBundleInfoDictionaryVersion</key>
	<string>6.0</string>
	<key>CFBundleName</key>
	<string>TestJ2DXX-java</string>
	<key>CFBundlePackageType</key>
	<string>APPL</string>
	<key>CFBundleShortVersionString</key>
	<string></string>
	<key>CFBundleSignature</key>
	<string>????</string>
	<key>CFBundleVersion</key>
	<string>0.0.1d1</string>
	<key>Java</key>
	<dict>
		<key>ClassPath</key>
		<array>
			<string>$JAVAROOT/TestJ2DXX-java.jar</string>
			<string>$JAVAROOT/libjd2xx.jnilib</string>
			<string>$JAVAROOT/libjd2xx.jar</string>
			<string>$JAVAROOT/libftd2xx.0.1.0.dylib</string>
			<string>$JAVAROOT/JD2XX.jar</string>
		</array>
		<key>JVMVersion</key>
		<string>1.5</string>
		<key>MainClass</key>
		<string>TestListener</string>
		<key>WorkingDirectory</key>
		<string>$APP_PACKAGE/Contents/Resources/Java</string>
	</dict>
	<key>NSJavaNeeded</key>
	<string>YES</string>
	<key>NSJavaPath</key>
	<array>
		<string>TestJ2DXX.jar</string>
	</array>
	<key>NSJavaRoot</key>
	<string>Contents/Resources/Java</string>
</dict>
</plist>
";
		};
		7E53375A0BCB550300A003E7 /* TestJ2DXX-jni */ = {
			isa = PBXApplicationTarget;
			buildConfigurationList = 7E5337660BCB550300A003E7 /* Build configuration list for PBXApplicationTarget "TestJ2DXX-jni" */;
			buildPhases = (
				7E53375B0BCB550300A003E7 /* Sources */,
				7E53375D0BCB550300A003E7 /* Resources */,
				7E53375E0BCB550300A003E7 /* JavaArchive */,
				7E53375F0BCB550300A003E7 /* Frameworks */,
				7E5337620BCB550300A003E7 /* CopyFiles */,
			);
			dependencies = (
				7E5337FF0BCB5D5000A003E7 /* PBXTargetDependency */,
			);
			name = "TestJ2DXX-jni";
			productInstallPath = "$(USER_APPS_DIR)";
			productName = TestJ2DXX;
			productReference = 7E5337690BCB550300A003E7 /* TestJ2DXX.app */;
			productSettingsXML = "<?xml version=\"1.0\" encoding=\"UTF-8\"?>
<!DOCTYPE plist PUBLIC \"-//Apple Computer//DTD PLIST 1.0//EN\" \"http://www.apple.com/DTDs/PropertyList-1.0.dtd\">
<plist version=\"1.0\">
<dict>
	<key>CFBundleDevelopmentRegion</key>
	<string>English</string>
	<key>CFBundleExecutable</key>
	<string>TestJ2DXX-jni.app</string>
	<key>CFBundleGetInfoString</key>
	<string></string>
	<key>CFBundleIconFile</key>
	<string></string>
	<key>CFBundleIdentifier</key>
	<string></string>
	<key>CFBundleInfoDictionaryVersion</key>
	<string>6.0</string>
	<key>CFBundleName</key>
	<string>TestJ2DXX-jni</string>
	<key>CFBundlePackageType</key>
	<string>APPL</string>
	<key>CFBundleShortVersionString</key>
	<string></string>
	<key>CFBundleSignature</key>
	<string>????</string>
	<key>CFBundleVersion</key>
	<string>0.0.1d1</string>
	<key>Java</key>
	<dict>
		<key>ClassPath</key>
		<array>
			<string>$JAVAROOT/TestJ2DXX-jni.jar</string>
			<string>$JAVAROOT/libjd2xx.jnilib</string>
			<string>$JAVAROOT/libjd2xx.jar</string>
			<string>$JAVAROOT/libftd2xx.0.1.0.dylib</string>
			<string>$JAVAROOT</string>
		</array>
		<key>JVMVersion</key>
		<string>1.5</string>
		<key>MainClass</key>
		<string>TestListener</string>
		<key>WorkingDirectory</key>
		<string>$APP_PACKAGE/Contents/Resources/Java</string>
	</dict>
	<key>NSJavaNeeded</key>
	<string>YES</string>
	<key>NSJavaPath</key>
	<array>
		<string>TestJ2DXX.jar</string>
	</array>
	<key>NSJavaRoot</key>
	<string>Contents/Resources/Java</string>
</dict>
</plist>
";
		};
/* End PBXApplicationTarget section */

/* Begin PBXBuildFile section */
		7E5332580BCAFE7B00A003E7 /* TestListener.java in Sources */ = {isa = PBXBuildFile; fileRef = 7E5331FA0BCAF84400A003E7 /* TestListener.java */; };
		7E5333EA0BCB20D800A003E7 /* JD2XXEvent.java in Sources */ = {isa = PBXBuildFile; fileRef = 7E5331210BCAC2E800A003E7 /* JD2XXEvent.java */; };
		7E5333EB0BCB20D800A003E7 /* JD2XXEventListener.java in Sources */ = {isa = PBXBuildFile; fileRef = 7E5331220BCAC2E800A003E7 /* JD2XXEventListener.java */; };
		7E5333EC0BCB20D800A003E7 /* JD2XXInputStream.java in Sources */ = {isa = PBXBuildFile; fileRef = 7E5331230BCAC2E800A003E7 /* JD2XXInputStream.java */; };
		7E5333ED0BCB20D800A003E7 /* JD2XXOutputStream.java in Sources */ = {isa = PBXBuildFile; fileRef = 7E5331240BCAC2E800A003E7 /* JD2XXOutputStream.java */; };
		7E5334380BCB26B400A003E7 /* JavaVM.framework in Frameworks */ = {isa = PBXBuildFile; fileRef = 6AE2200B0208CA9C0CC91562 /* JavaVM.framework */; };
		7E5336350BCB31C800A003E7 /* libftd2xx.0.1.0.dylib in CopyFiles */ = {isa = PBXBuildFile; fileRef = 7E5331990BCADEBC00A003E7 /* libftd2xx.0.1.0.dylib */; };
		7E53364E0BCB347E00A003E7 /* libjd2xx.jnilib in CopyFiles */ = {isa = PBXBuildFile; fileRef = 7E5331FF0BCAF86500A003E7 /* libjd2xx.jnilib */; };
		7E53365E0BCB369600A003E7 /* JD2XX.c in Sources */ = {isa = PBXBuildFile; fileRef = 7E53312E0BCAC49A00A003E7 /* JD2XX.c */; };
		7E53365F0BCB369E00A003E7 /* libftd2xx.0.1.0.dylib in Frameworks */ = {isa = PBXBuildFile; fileRef = 7E5331990BCADEBC00A003E7 /* libftd2xx.0.1.0.dylib */; };
		7E5336600BCB369E00A003E7 /* JavaVM.framework in Frameworks */ = {isa = PBXBuildFile; fileRef = 6AE2200B0208CA9C0CC91562 /* JavaVM.framework */; };
		7E5336900BCB3ADF00A003E7 /* IOKit.framework in Frameworks */ = {isa = PBXBuildFile; fileRef = 7E5333D90BCB1EF200A003E7 /* IOKit.framework */; };
		7E5336910BCB3AE500A003E7 /* CoreFoundation.framework in Frameworks */ = {isa = PBXBuildFile; fileRef = 7E5333D70BCB1EE500A003E7 /* CoreFoundation.framework */; };
		7E5336920BCB3AEB00A003E7 /* CoreServices.framework in Frameworks */ = {isa = PBXBuildFile; fileRef = 7E5333D50BCB1ECB00A003E7 /* CoreServices.framework */; };
		7E5336B00BCB424800A003E7 /* ftd2xx.cfg in CopyFiles */ = {isa = PBXBuildFile; fileRef = 7E5336AF0BCB424200A003E7 /* ftd2xx.cfg */; };
		7E5336D40BCB443200A003E7 /* libftd2xx.0.1.0.dylib in Frameworks */ = {isa = PBXBuildFile; fileRef = 7E5331990BCADEBC00A003E7 /* libftd2xx.0.1.0.dylib */; };
		7E53375C0BCB550300A003E7 /* TestListener.java in Sources */ = {isa = PBXBuildFile; fileRef = 7E5331FA0BCAF84400A003E7 /* TestListener.java */; };
		7E5337600BCB550300A003E7 /* JavaVM.framework in Frameworks */ = {isa = PBXBuildFile; fileRef = 6AE2200B0208CA9C0CC91562 /* JavaVM.framework */; };
		7E5337610BCB550300A003E7 /* libftd2xx.0.1.0.dylib in Frameworks */ = {isa = PBXBuildFile; fileRef = 7E5331990BCADEBC00A003E7 /* libftd2xx.0.1.0.dylib */; };
		7E5337630BCB550300A003E7 /* libjd2xx.jnilib in CopyFiles */ = {isa = PBXBuildFile; fileRef = 7E5331FF0BCAF86500A003E7 /* libjd2xx.jnilib */; };
		7E5337640BCB550300A003E7 /* libftd2xx.0.1.0.dylib in CopyFiles */ = {isa = PBXBuildFile; fileRef = 7E5331990BCADEBC00A003E7 /* libftd2xx.0.1.0.dylib */; };
		7E5337650BCB550300A003E7 /* ftd2xx.cfg in CopyFiles */ = {isa = PBXBuildFile; fileRef = 7E5336AF0BCB424200A003E7 /* ftd2xx.cfg */; };
		7EC9F0F60C270E5200814DCF /* JD2XX.jar in Frameworks */ = {isa = PBXBuildFile; fileRef = 7EC9F0F50C270E5200814DCF /* JD2XX.jar */; };
		7EC9F0F70C270E5200814DCF /* JD2XX.jar in Frameworks */ = {isa = PBXBuildFile; fileRef = 7EC9F0F50C270E5200814DCF /* JD2XX.jar */; };
/* End PBXBuildFile section */

/* Begin PBXContainerItemProxy section */
		36ABB26A061E0EED00C43093 /* PBXContainerItemProxy */ = {
			isa = PBXContainerItemProxy;
			containerPortal = 00E6828EFEC88D1A11DB9C8B /* Project object */;
			proxyType = 1;
			remoteGlobalIDString = 6A9FA6030246AD840CC91562;
			remoteInfo = Headers;
		};
		7E5331BB0BCAE63600A003E7 /* PBXContainerItemProxy */ = {
			isa = PBXContainerItemProxy;
			containerPortal = 00E6828EFEC88D1A11DB9C8B /* Project object */;
			proxyType = 1;
			remoteGlobalIDString = 7E5331A90BCAE0F800A003E7;
			remoteInfo = libJD2XX.jar;
		};
		7E5336640BCB36F500A003E7 /* PBXContainerItemProxy */ = {
			isa = PBXContainerItemProxy;
			containerPortal = 00E6828EFEC88D1A11DB9C8B /* Project object */;
			proxyType = 1;
			remoteGlobalIDString = 7E53365C0BCB368100A003E7;
			remoteInfo = libjd2xx.jnilib;
		};
		7E5337FC0BCB5D4500A003E7 /* PBXContainerItemProxy */ = {
			isa = PBXContainerItemProxy;
			containerPortal = 00E6828EFEC88D1A11DB9C8B /* Project object */;
			proxyType = 1;
			remoteGlobalIDString = 6A9FA557024694440CC91562;
			remoteInfo = MasterTarget;
		};
		7E5337FE0BCB5D5000A003E7 /* PBXContainerItemProxy */ = {
			isa = PBXContainerItemProxy;
			containerPortal = 00E6828EFEC88D1A11DB9C8B /* Project object */;
			proxyType = 1;
			remoteGlobalIDString = 6A9FA557024694440CC91562;
			remoteInfo = MasterTarget;
		};
/* End PBXContainerItemProxy section */

/* Begin PBXCopyFilesBuildPhase section */
		7E5334550BCB281D00A003E7 /* CopyFiles */ = {
			isa = PBXCopyFilesBuildPhase;
			buildActionMask = 2147483647;
			dstPath = Java;
			dstSubfolderSpec = 7;
			files = (
				7E53364E0BCB347E00A003E7 /* libjd2xx.jnilib in CopyFiles */,
				7E5336350BCB31C800A003E7 /* libftd2xx.0.1.0.dylib in CopyFiles */,
				7E5336B00BCB424800A003E7 /* ftd2xx.cfg in CopyFiles */,
			);
			runOnlyForDeploymentPostprocessing = 0;
		};
		7E5336680BCB384300A003E7 /* CopyFiles */ = {
			isa = PBXCopyFilesBuildPhase;
			buildActionMask = 2147483647;
			dstPath = "";
			dstSubfolderSpec = 16;
			files = (
			);
			runOnlyForDeploymentPostprocessing = 0;
		};
		7E5337620BCB550300A003E7 /* CopyFiles */ = {
			isa = PBXCopyFilesBuildPhase;
			buildActionMask = 2147483647;
			dstPath = Java;
			dstSubfolderSpec = 7;
			files = (
				7E5337630BCB550300A003E7 /* libjd2xx.jnilib in CopyFiles */,
				7E5337640BCB550300A003E7 /* libftd2xx.0.1.0.dylib in CopyFiles */,
				7E5337650BCB550300A003E7 /* ftd2xx.cfg in CopyFiles */,
			);
			runOnlyForDeploymentPostprocessing = 0;
		};
/* End PBXCopyFilesBuildPhase section */

/* Begin PBXFileReference section */
		363028F90383184400C91562 /* Manifest */ = {isa = PBXFileReference; fileEncoding = 4; lastKnownFileType = text; path = Manifest; sourceTree = "<group>"; };
		6AE2200B0208CA9C0CC91562 /* JavaVM.framework */ = {isa = PBXFileReference; lastKnownFileType = wrapper.framework; name = JavaVM.framework; path = /System/Library/Frameworks/JavaVM.framework; sourceTree = "<absolute>"; };
		7E53310F0BCAB92500A003E7 /* JD2XX.java */ = {isa = PBXFileReference; fileEncoding = 30; lastKnownFileType = sourcecode.java; name = JD2XX.java; path = jd2xx/JD2XX.java; sourceTree = "<group>"; };
		7E5331210BCAC2E800A003E7 /* JD2XXEvent.java */ = {isa = PBXFileReference; fileEncoding = 30; lastKnownFileType = sourcecode.java; name = JD2XXEvent.java; path = jd2xx/JD2XXEvent.java; sourceTree = "<group>"; };
		7E5331220BCAC2E800A003E7 /* JD2XXEventListener.java */ = {isa = PBXFileReference; fileEncoding = 30; lastKnownFileType = sourcecode.java; name = JD2XXEventListener.java; path = jd2xx/JD2XXEventListener.java; sourceTree = "<group>"; };
		7E5331230BCAC2E800A003E7 /* JD2XXInputStream.java */ = {isa = PBXFileReference; fileEncoding = 30; lastKnownFileType = sourcecode.java; name = JD2XXInputStream.java; path = jd2xx/JD2XXInputStream.java; sourceTree = "<group>"; };
		7E5331240BCAC2E800A003E7 /* JD2XXOutputStream.java */ = {isa = PBXFileReference; fileEncoding = 30; lastKnownFileType = sourcecode.java; name = JD2XXOutputStream.java; path = jd2xx/JD2XXOutputStream.java; sourceTree = "<group>"; };
		7E53312E0BCAC49A00A003E7 /* JD2XX.c */ = {isa = PBXFileReference; fileEncoding = 30; lastKnownFileType = sourcecode.c.c; name = JD2XX.c; path = src/JD2XX.c; sourceTree = "<group>"; };
		7E5331990BCADEBC00A003E7 /* libftd2xx.0.1.0.dylib */ = {isa = PBXFileReference; lastKnownFileType = "compiled.mach-o.dylib"; name = libftd2xx.0.1.0.dylib; path = "ftdi-osx/libftd2xx.0.1.0.dylib"; sourceTree = "<group>"; };
		7E5331FA0BCAF84400A003E7 /* TestListener.java */ = {isa = PBXFileReference; fileEncoding = 30; lastKnownFileType = sourcecode.java; name = TestListener.java; path = test/TestListener.java; sourceTree = "<group>"; };
		7E5331FF0BCAF86500A003E7 /* libjd2xx.jnilib */ = {isa = PBXFileReference; lastKnownFileType = "compiled.mach-o.dylib"; name = libjd2xx.jnilib; path = "ftdi-osx/libjd2xx.jnilib"; sourceTree = "<group>"; };
		7E5332560BCAFE6B00A003E7 /* TestJ2DXX.app */ = {isa = PBXFileReference; explicitFileType = wrapper.application; includeInIndex = 0; path = TestJ2DXX.app; sourceTree = BUILT_PRODUCTS_DIR; };
		7E5333D50BCB1ECB00A003E7 /* CoreServices.framework */ = {isa = PBXFileReference; lastKnownFileType = wrapper.framework; name = CoreServices.framework; path = /System/Library/Frameworks/CoreServices.framework; sourceTree = "<absolute>"; };
		7E5333D70BCB1EE500A003E7 /* CoreFoundation.framework */ = {isa = PBXFileReference; lastKnownFileType = wrapper.framework; name = CoreFoundation.framework; path = /System/Library/Frameworks/CoreFoundation.framework; sourceTree = "<absolute>"; };
		7E5333D90BCB1EF200A003E7 /* IOKit.framework */ = {isa = PBXFileReference; lastKnownFileType = wrapper.framework; name = IOKit.framework; path = /System/Library/Frameworks/IOKit.framework; sourceTree = "<absolute>"; };
		7E53342B0BCB262B00A003E7 /* libjd2xx.jar */ = {isa = PBXFileReference; lastKnownFileType = archive.jar; name = libjd2xx.jar; path = "ftdi-osx/libjd2xx.jar"; sourceTree = "<group>"; };
		7E5336670BCB376400A003E7 /* libjd2xx.jnilib */ = {isa = PBXFileReference; explicitFileType = "compiled.mach-o.dylib"; includeInIndex = 0; path = libjd2xx.jnilib; sourceTree = BUILT_PRODUCTS_DIR; };
		7E5336AF0BCB424200A003E7 /* ftd2xx.cfg */ = {isa = PBXFileReference; fileEncoding = 30; lastKnownFileType = text; name = ftd2xx.cfg; path = "ftdi-osx/ftd2xx.cfg"; sourceTree = "<group>"; };
		7E5337690BCB550300A003E7 /* TestJ2DXX.app */ = {isa = PBXFileReference; explicitFileType = wrapper.application; includeInIndex = 0; path = TestJ2DXX.app; sourceTree = BUILT_PRODUCTS_DIR; };
		7EC9F0F50C270E5200814DCF /* JD2XX.jar */ = {isa = PBXFileReference; lastKnownFileType = archive.jar; name = JD2XX.jar; path = build/Release/JD2XX.jar; sourceTree = "<group>"; };
		7EC9F1050C270EF300814DCF /* libJD2XX.jar */ = {isa = PBXFileReference; explicitFileType = "compiled.mach-o.dylib"; includeInIndex = 0; path = libJD2XX.jar; sourceTree = BUILT_PRODUCTS_DIR; };
		7EC9F10E0C270F6200814DCF /* JD2XX.jar */ = {isa = PBXFileReference; explicitFileType = archive.jar; includeInIndex = 0; path = JD2XX.jar; sourceTree = BUILT_PRODUCTS_DIR; };
/* End PBXFileReference section */

/* Begin PBXFrameworksBuildPhase section */
		6A9FA6020246AD840CC91562 /* Frameworks */ = {
			isa = PBXFrameworksBuildPhase;
			buildActionMask = 2147483647;
			files = (
			);
			runOnlyForDeploymentPostprocessing = 0;
		};
		7E5331A80BCAE0F800A003E7 /* Frameworks */ = {
			isa = PBXFrameworksBuildPhase;
			buildActionMask = 2147483647;
			files = (
			);
			runOnlyForDeploymentPostprocessing = 0;
		};
		7E5332540BCAFE6B00A003E7 /* Frameworks */ = {
			isa = PBXFrameworksBuildPhase;
			buildActionMask = 2147483647;
			files = (
				7E5334380BCB26B400A003E7 /* JavaVM.framework in Frameworks */,
				7E5336D40BCB443200A003E7 /* libftd2xx.0.1.0.dylib in Frameworks */,
				7EC9F0F60C270E5200814DCF /* JD2XX.jar in Frameworks */,
			);
			runOnlyForDeploymentPostprocessing = 0;
		};
		7E53365B0BCB368100A003E7 /* Frameworks */ = {
			isa = PBXFrameworksBuildPhase;
			buildActionMask = 2147483647;
			files = (
				7E5336920BCB3AEB00A003E7 /* CoreServices.framework in Frameworks */,
				7E5336910BCB3AE500A003E7 /* CoreFoundation.framework in Frameworks */,
				7E5336900BCB3ADF00A003E7 /* IOKit.framework in Frameworks */,
				7E53365F0BCB369E00A003E7 /* libftd2xx.0.1.0.dylib in Frameworks */,
				7E5336600BCB369E00A003E7 /* JavaVM.framework in Frameworks */,
			);
			runOnlyForDeploymentPostprocessing = 0;
		};
		7E53375F0BCB550300A003E7 /* Frameworks */ = {
			isa = PBXFrameworksBuildPhase;
			buildActionMask = 2147483647;
			files = (
				7E5337600BCB550300A003E7 /* JavaVM.framework in Frameworks */,
				7E5337610BCB550300A003E7 /* libftd2xx.0.1.0.dylib in Frameworks */,
				7EC9F0F70C270E5200814DCF /* JD2XX.jar in Frameworks */,
			);
			runOnlyForDeploymentPostprocessing = 0;
		};
/* End PBXFrameworksBuildPhase section */

/* Begin PBXGroup section */
		00E6828FFEC88D1A11DB9C8B = {
			isa = PBXGroup;
			children = (
				7EC9F0F50C270E5200814DCF /* JD2XX.jar */,
				7E5336AF0BCB424200A003E7 /* ftd2xx.cfg */,
				7E5333D90BCB1EF200A003E7 /* IOKit.framework */,
				7E5333D70BCB1EE500A003E7 /* CoreFoundation.framework */,
				7E5333D50BCB1ECB00A003E7 /* CoreServices.framework */,
				7E5331FF0BCAF86500A003E7 /* libjd2xx.jnilib */,
				7E5331FA0BCAF84400A003E7 /* TestListener.java */,
				7E5331990BCADEBC00A003E7 /* libftd2xx.0.1.0.dylib */,
				7E53312E0BCAC49A00A003E7 /* JD2XX.c */,
				7E5331210BCAC2E800A003E7 /* JD2XXEvent.java */,
				7E5331220BCAC2E800A003E7 /* JD2XXEventListener.java */,
				7E5331230BCAC2E800A003E7 /* JD2XXInputStream.java */,
				7E5331240BCAC2E800A003E7 /* JD2XXOutputStream.java */,
				7E53310F0BCAB92500A003E7 /* JD2XX.java */,
				363028F90383184400C91562 /* Manifest */,
				6AE2200B0208CA9C0CC91562 /* JavaVM.framework */,
				0120612AFEC8923411DB9C8B /* Products */,
			);
			sourceTree = "<group>";
		};
		0120612AFEC8923411DB9C8B /* Products */ = {
			isa = PBXGroup;
			children = (
				7E53342B0BCB262B00A003E7 /* libjd2xx.jar */,
				7E5332560BCAFE6B00A003E7 /* TestJ2DXX.app */,
				7E5336670BCB376400A003E7 /* libjd2xx.jnilib */,
				7E5337690BCB550300A003E7 /* TestJ2DXX.app */,
				7EC9F1050C270EF300814DCF /* libJD2XX.jar */,
				7EC9F10E0C270F6200814DCF /* JD2XX.jar */,
			);
			name = Products;
			sourceTree = "<group>";
		};
/* End PBXGroup section */

/* Begin PBXHeadersBuildPhase section */
		7E5336590BCB368100A003E7 /* Headers */ = {
			isa = PBXHeadersBuildPhase;
			buildActionMask = 2147483647;
			files = (
			);
			runOnlyForDeploymentPostprocessing = 0;
		};
/* End PBXHeadersBuildPhase section */

/* Begin PBXJavaArchiveBuildPhase section */
		6A9FA6010246AD840CC91562 /* JavaArchive */ = {
			isa = PBXJavaArchiveBuildPhase;
			buildActionMask = 2147483647;
			files = (
			);
			runOnlyForDeploymentPostprocessing = 0;
		};
		7E5331A70BCAE0F800A003E7 /* JavaArchive */ = {
			isa = PBXJavaArchiveBuildPhase;
			buildActionMask = 2147483647;
			files = (
			);
			runOnlyForDeploymentPostprocessing = 0;
		};
		7E5332530BCAFE6B00A003E7 /* JavaArchive */ = {
			isa = PBXJavaArchiveBuildPhase;
			buildActionMask = 2147483647;
			files = (
			);
			runOnlyForDeploymentPostprocessing = 0;
		};
		7E53375E0BCB550300A003E7 /* JavaArchive */ = {
			isa = PBXJavaArchiveBuildPhase;
			buildActionMask = 2147483647;
			files = (
			);
			runOnlyForDeploymentPostprocessing = 0;
		};
/* End PBXJavaArchiveBuildPhase section */

/* Begin PBXLibraryTarget section */
		6A9FA6030246AD840CC91562 /* Headers */ = {
			isa = PBXLibraryTarget;
			buildConfigurationList = 4CEBA75008679E4D0015D03E /* Build configuration list for PBXLibraryTarget "Headers" */;
			buildPhases = (
				6A9FA6000246AD840CC91562 /* Sources */,
				6A9FA6010246AD840CC91562 /* JavaArchive */,
				6A9FA6020246AD840CC91562 /* Frameworks */,
				6A9FA6050246AD8E0CC91562 /* ShellScript */,
			);
			dependencies = (
			);
			name = Headers;
			productInstallPath = /usr/local/lib;
			productName = CreateHeaders;
			productReference = 7EC9F10E0C270F6200814DCF /* JD2XX.jar */;
		};
		7E5331A90BCAE0F800A003E7 /* libjd2xx.jar */ = {
			isa = PBXLibraryTarget;
			buildConfigurationList = 7E5331AB0BCAE11600A003E7 /* Build configuration list for PBXLibraryTarget "libjd2xx.jar" */;
			buildPhases = (
				7E5331AF0BCAE4CE00A003E7 /* ShellScript */,
				7E5331A60BCAE0F800A003E7 /* Sources */,
				7E5331A70BCAE0F800A003E7 /* JavaArchive */,
				7E5331A80BCAE0F800A003E7 /* Frameworks */,
			);
			dependencies = (
			);
			name = libjd2xx.jar;
			productInstallPath = /usr/local/lib;
			productName = libJD2XX.jar;
			productReference = 7EC9F1050C270EF300814DCF /* libJD2XX.jar */;
		};
/* End PBXLibraryTarget section */

/* Begin PBXNativeTarget section */
		7E53365C0BCB368100A003E7 /* libjd2xx.jnilib */ = {
			isa = PBXNativeTarget;
			buildConfigurationList = 7E5336610BCB36BC00A003E7 /* Build configuration list for PBXNativeTarget "libjd2xx.jnilib" */;
			buildPhases = (
				7E5336590BCB368100A003E7 /* Headers */,
				7E53365A0BCB368100A003E7 /* Sources */,
				7E53365B0BCB368100A003E7 /* Frameworks */,
				7E5336680BCB384300A003E7 /* CopyFiles */,
			);
			buildRules = (
			);
			dependencies = (
			);
			name = libjd2xx.jnilib;
			productName = libjd2xx.jnilib;
			productReference = 7E5336670BCB376400A003E7 /* libjd2xx.jnilib */;
			productType = "com.apple.product-type.library.dynamic";
		};
/* End PBXNativeTarget section */

/* Begin PBXProject section */
		00E6828EFEC88D1A11DB9C8B /* Project object */ = {
			isa = PBXProject;
			buildConfigurationList = 4CEBA75C08679E4D0015D03E /* Build configuration list for PBXProject "J2DXX" */;
			hasScannedForEncodings = 1;
			mainGroup = 00E6828FFEC88D1A11DB9C8B;
			productRefGroup = 0120612AFEC8923411DB9C8B /* Products */;
			projectDirPath = "";
			targets = (
				6A9FA557024694440CC91562 /* MasterTarget */,
				6A9FA6030246AD840CC91562 /* Headers */,
				7E53365C0BCB368100A003E7 /* libjd2xx.jnilib */,
				7E5331A90BCAE0F800A003E7 /* libjd2xx.jar */,
				7E5332550BCAFE6B00A003E7 /* TestJ2DXX-java */,
				7E53375A0BCB550300A003E7 /* TestJ2DXX-jni */,
			);
		};
/* End PBXProject section */

/* Begin PBXResourcesBuildPhase section */
		7E5332520BCAFE6B00A003E7 /* Resources */ = {
			isa = PBXResourcesBuildPhase;
			buildActionMask = 2147483647;
			files = (
			);
			runOnlyForDeploymentPostprocessing = 0;
		};
		7E53375D0BCB550300A003E7 /* Resources */ = {
			isa = PBXResourcesBuildPhase;
			buildActionMask = 2147483647;
			files = (
			);
			runOnlyForDeploymentPostprocessing = 0;
		};
/* End PBXResourcesBuildPhase section */

/* Begin PBXShellScriptBuildPhase section */
		6A9FA6050246AD8E0CC91562 /* ShellScript */ = {
			isa = PBXShellScriptBuildPhase;
			buildActionMask = 2147483647;
			files = (
			);
			runOnlyForDeploymentPostprocessing = 0;
			shellPath = /bin/sh;
			shellScript = "javah -classpath \"${BUILT_PRODUCTS_DIR}/JD2XX.jar\" -force -d \"${BUILT_PRODUCTS_DIR}/Headers\" \"jd2xx.JD2XX\"\ncp \"${BUILT_PRODUCTS_DIR}/JD2XX.jar\" \"ftdi-osx/JD2XX.jar\"\ncp \"${BUILT_PRODUCTS_DIR}/Headers/jd2xx_JD2XX_DeviceInfo.h\" \"src/\"\ncp \"${BUILT_PRODUCTS_DIR}/Headers/jd2xx_JD2XX_ProgramData.h\" \"src/\"\ncp \"${BUILT_PRODUCTS_DIR}/Headers/jd2xx_JD2XX.h\" \"src/\"";
		};
		7E5331AF0BCAE4CE00A003E7 /* ShellScript */ = {
			isa = PBXShellScriptBuildPhase;
			buildActionMask = 2147483647;
			files = (
			);
			inputPaths = (
			);
			outputPaths = (
			);
			runOnlyForDeploymentPostprocessing = 0;
			shellPath = /bin/sh;
			shellScript = "jar cf \"ftdi-osx/libjd2xx.jar\" -C \"${BUILT_PRODUCTS_DIR}\" \"libjd2xx.jnilib\"\ncp \"${BUILT_PRODUCTS_DIR}/libjd2xx.jnilib\" \"ftdi-osx/libjd2xx.jnilib\"";
		};
/* End PBXShellScriptBuildPhase section */

/* Begin PBXSourcesBuildPhase section */
		6A9FA6000246AD840CC91562 /* Sources */ = {
			isa = PBXSourcesBuildPhase;
			buildActionMask = 2147483647;
			files = (
				7E5333EA0BCB20D800A003E7 /* JD2XXEvent.java in Sources */,
				7E5333EB0BCB20D800A003E7 /* JD2XXEventListener.java in Sources */,
				7E5333EC0BCB20D800A003E7 /* JD2XXInputStream.java in Sources */,
				7E5333ED0BCB20D800A003E7 /* JD2XXOutputStream.java in Sources */,
			);
			runOnlyForDeploymentPostprocessing = 0;
		};
		7E5331A60BCAE0F800A003E7 /* Sources */ = {
			isa = PBXSourcesBuildPhase;
			buildActionMask = 2147483647;
			files = (
			);
			runOnlyForDeploymentPostprocessing = 0;
		};
		7E5332510BCAFE6B00A003E7 /* Sources */ = {
			isa = PBXSourcesBuildPhase;
			buildActionMask = 2147483647;
			files = (
				7E5332580BCAFE7B00A003E7 /* TestListener.java in Sources */,
			);
			runOnlyForDeploymentPostprocessing = 0;
		};
		7E53365A0BCB368100A003E7 /* Sources */ = {
			isa = PBXSourcesBuildPhase;
			buildActionMask = 2147483647;
			files = (
				7E53365E0BCB369600A003E7 /* JD2XX.c in Sources */,
			);
			runOnlyForDeploymentPostprocessing = 0;
		};
		7E53375B0BCB550300A003E7 /* Sources */ = {
			isa = PBXSourcesBuildPhase;
			buildActionMask = 2147483647;
			files = (
				7E53375C0BCB550300A003E7 /* TestListener.java in Sources */,
			);
			runOnlyForDeploymentPostprocessing = 0;
		};
/* End PBXSourcesBuildPhase section */

/* Begin PBXTargetDependency section */
		6A9FA6060246ADAE0CC91562 /* PBXTargetDependency */ = {
			isa = PBXTargetDependency;
			target = 6A9FA6030246AD840CC91562 /* Headers */;
			targetProxy = 36ABB26A061E0EED00C43093 /* PBXContainerItemProxy */;
		};
		7E5331BC0BCAE63600A003E7 /* PBXTargetDependency */ = {
			isa = PBXTargetDependency;
			target = 7E5331A90BCAE0F800A003E7 /* libjd2xx.jar */;
			targetProxy = 7E5331BB0BCAE63600A003E7 /* PBXContainerItemProxy */;
		};
		7E5336650BCB36F500A003E7 /* PBXTargetDependency */ = {
			isa = PBXTargetDependency;
			target = 7E53365C0BCB368100A003E7 /* libjd2xx.jnilib */;
			targetProxy = 7E5336640BCB36F500A003E7 /* PBXContainerItemProxy */;
		};
		7E5337FD0BCB5D4500A003E7 /* PBXTargetDependency */ = {
			isa = PBXTargetDependency;
			target = 6A9FA557024694440CC91562 /* MasterTarget */;
			targetProxy = 7E5337FC0BCB5D4500A003E7 /* PBXContainerItemProxy */;
		};
		7E5337FF0BCB5D5000A003E7 /* PBXTargetDependency */ = {
			isa = PBXTargetDependency;
			target = 6A9FA557024694440CC91562 /* MasterTarget */;
			targetProxy = 7E5337FE0BCB5D5000A003E7 /* PBXContainerItemProxy */;
		};
/* End PBXTargetDependency section */

/* Begin XCBuildConfiguration section */
		4CEBA75108679E4D0015D03E /* Debug */ = {
			isa = XCBuildConfiguration;
			buildSettings = {
				COPY_PHASE_STRIP = NO;
				GCC_DYNAMIC_NO_PIC = NO;
				GCC_ENABLE_FIX_AND_CONTINUE = YES;
				GCC_GENERATE_DEBUGGING_SYMBOLS = YES;
				GCC_OPTIMIZATION_LEVEL = 0;
				JAVA_COMPILER_SOURCE_VERSION = 1.5;
				JAVA_COMPILER_TARGET_VM_VERSION = 1.5;
				PRODUCT_NAME = JD2XX;
				REZ_EXECUTABLE = YES;
				ZERO_LINK = YES;
			};
			name = Debug;
		};
		4CEBA75208679E4D0015D03E /* Release */ = {
			isa = XCBuildConfiguration;
			buildSettings = {
				COPY_PHASE_STRIP = YES;
				GCC_ENABLE_FIX_AND_CONTINUE = NO;
				PRODUCT_NAME = JD2XX;
				REZ_EXECUTABLE = YES;
				ZERO_LINK = NO;
			};
			name = Release;
		};
		4CEBA75908679E4D0015D03E /* Debug */ = {
			isa = XCBuildConfiguration;
			buildSettings = {
				COPY_PHASE_STRIP = NO;
				GCC_DYNAMIC_NO_PIC = NO;
				GCC_ENABLE_FIX_AND_CONTINUE = YES;
				GCC_GENERATE_DEBUGGING_SYMBOLS = YES;
				GCC_OPTIMIZATION_LEVEL = 0;
				OTHER_CFLAGS = "";
				OTHER_LDFLAGS = "";
				OTHER_REZFLAGS = "";
				PRODUCT_NAME = J2DXX;
				SECTORDER_FLAGS = "";
				WARNING_CFLAGS = (
					"-Wmost",
					"-Wno-four-char-constants",
					"-Wno-unknown-pragmas",
				);
				ZERO_LINK = YES;
			};
			name = Debug;
		};
		4CEBA75A08679E4D0015D03E /* Release */ = {
			isa = XCBuildConfiguration;
			buildSettings = {
				COPY_PHASE_STRIP = YES;
				GCC_ENABLE_FIX_AND_CONTINUE = NO;
				OTHER_CFLAGS = "";
				OTHER_LDFLAGS = "";
				OTHER_REZFLAGS = "";
				PRODUCT_NAME = J2DXX;
				SECTORDER_FLAGS = "";
				WARNING_CFLAGS = (
					"-Wmost",
					"-Wno-four-char-constants",
					"-Wno-unknown-pragmas",
				);
				ZERO_LINK = NO;
			};
			name = Release;
		};
		4CEBA75D08679E4D0015D03E /* Debug */ = {
			isa = XCBuildConfiguration;
			buildSettings = {
				ZERO_LINK = NO;
			};
			name = Debug;
		};
		4CEBA75E08679E4D0015D03E /* Release */ = {
			isa = XCBuildConfiguration;
			buildSettings = {
				ZERO_LINK = NO;
			};
			name = Release;
		};
		7E5331AC0BCAE11600A003E7 /* Debug */ = {
			isa = XCBuildConfiguration;
			buildSettings = {
				COPY_PHASE_STRIP = NO;
				DYLIB_COMPATIBILITY_VERSION = 1;
				DYLIB_CURRENT_VERSION = 1;
				GCC_DYNAMIC_NO_PIC = NO;
				GCC_GENERATE_DEBUGGING_SYMBOLS = YES;
				GCC_OPTIMIZATION_LEVEL = 0;
				JAVA_ARCHIVE_CLASSES = YES;
				JAVA_ARCHIVE_TYPE = JAR;
				JAVA_COMPILER = /usr/bin/javac;
				JAVA_SOURCE_SUBDIR = .;
				LIBRARY_STYLE = STATIC;
				OPTIMIZATION_CFLAGS = "-O0";
				OTHER_CFLAGS = "";
				OTHER_LDFLAGS = "";
				OTHER_LIBTOOL_FLAGS = "";
				OTHER_REZFLAGS = "";
				PRODUCT_NAME = libjd2xx.jar;
				PURE_JAVA = YES;
				REZ_EXECUTABLE = YES;
				SECTORDER_FLAGS = "";
				WARNING_CFLAGS = (
					"-Wmost",
					"-Wno-four-char-constants",
					"-Wno-unknown-pragmas",
				);
			};
			name = Debug;
		};
		7E5331AD0BCAE11600A003E7 /* Release */ = {
			isa = XCBuildConfiguration;
			buildSettings = {
				COPY_PHASE_STRIP = YES;
				DYLIB_COMPATIBILITY_VERSION = 1;
				DYLIB_CURRENT_VERSION = 1;
				GCC_ENABLE_FIX_AND_CONTINUE = NO;
				GCC_GENERATE_DEBUGGING_SYMBOLS = NO;
				JAVA_ARCHIVE_CLASSES = YES;
				JAVA_ARCHIVE_TYPE = JAR;
				JAVA_COMPILER = /usr/bin/javac;
				JAVA_SOURCE_SUBDIR = .;
				LIBRARY_STYLE = STATIC;
				OPTIMIZATION_CFLAGS = "-O0";
				OTHER_CFLAGS = "";
				OTHER_LDFLAGS = "";
				OTHER_LIBTOOL_FLAGS = "";
				OTHER_REZFLAGS = "";
				PRODUCT_NAME = libJD2XX.jar;
				PURE_JAVA = YES;
				REZ_EXECUTABLE = YES;
				SECTORDER_FLAGS = "";
				WARNING_CFLAGS = (
					"-Wmost",
					"-Wno-four-char-constants",
					"-Wno-unknown-pragmas",
				);
				ZERO_LINK = NO;
			};
			name = Release;
		};
		7E5332710BCAFE9400A003E7 /* Debug */ = {
			isa = XCBuildConfiguration;
			buildSettings = {
				COPY_PHASE_STRIP = NO;
				GCC_DYNAMIC_NO_PIC = NO;
				GCC_GENERATE_DEBUGGING_SYMBOLS = YES;
				GCC_OPTIMIZATION_LEVEL = 0;
				HEADER_SEARCH_PATHS = (
					"ftdi-osx",
					"${OBJROOT}/Headers",
					"$(SYSTEM_LIBRARY_DIR)/Frameworks/JavaVM.framework/Headers",
				);
				JAVA_COMPILER = /usr/bin/javac;
				JAVA_COMPILER_SOURCE_VERSION = 1.5;
				JAVA_COMPILER_TARGET_VM_VERSION = 1.5;
				JAVA_ONLY = YES;
				JAVA_SOURCE_SUBDIR = ./test;
				LIBRARY_SEARCH_PATHS = (
					"$(inherited)",
					"$(SRCROOT)/ftdi-osx",
				);
				OPTIMIZATION_CFLAGS = "-O0";
				OTHER_CFLAGS = "";
				OTHER_LDFLAGS = (
					"-dylib_file",
					"/usr/local/lib/libftd2xx.0.1.0.dylib:./ftdi-osx/libftd2xx.0.1.0.dylib",
				);
				OTHER_REZFLAGS = "";
				PRODUCT_NAME = "TestJ2DXX-java";
				SECTORDER_FLAGS = "";
				WARNING_CFLAGS = (
					"-Wmost",
					"-Wno-four-char-constants",
					"-Wno-unknown-pragmas",
				);
				WRAPPER_EXTENSION = app;
			};
			name = Debug;
		};
		7E5332720BCAFE9400A003E7 /* Release */ = {
			isa = XCBuildConfiguration;
			buildSettings = {
				COPY_PHASE_STRIP = YES;
				GCC_ENABLE_FIX_AND_CONTINUE = NO;
				GCC_GENERATE_DEBUGGING_SYMBOLS = NO;
				JAVA_COMPILER = /usr/bin/javac;
				JAVA_ONLY = YES;
				JAVA_SOURCE_SUBDIR = .;
				LIBRARY_SEARCH_PATHS = (
					"$(inherited)",
					"$(SRCROOT)/ftdi-osx",
				);
				OPTIMIZATION_CFLAGS = "-O0";
				OTHER_CFLAGS = "";
				OTHER_LDFLAGS = "";
				OTHER_REZFLAGS = "";
				PRODUCT_NAME = TestJ2DXX;
				SECTORDER_FLAGS = "";
				WARNING_CFLAGS = (
					"-Wmost",
					"-Wno-four-char-constants",
					"-Wno-unknown-pragmas",
				);
				WRAPPER_EXTENSION = app;
				ZERO_LINK = NO;
			};
			name = Release;
		};
		7E5336620BCB36BC00A003E7 /* Debug */ = {
			isa = XCBuildConfiguration;
			buildSettings = {
				ARCHS = (
					ppc,
					i386,
				);
				COPY_PHASE_STRIP = NO;
				EXECUTABLE_EXTENSION = jnilib;
				EXECUTABLE_PREFIX = lib;
				GCC_DEBUGGING_SYMBOLS = full;
				GCC_DYNAMIC_NO_PIC = NO;
				GCC_ENABLE_FIX_AND_CONTINUE = YES;
				GCC_GENERATE_DEBUGGING_SYMBOLS = YES;
				GCC_MODEL_TUNING = G5;
				GCC_OPTIMIZATION_LEVEL = 0;
				HEADER_SEARCH_PATHS = (
					"./ftdi-osx",
					"$(SYSTEM_LIBRARY_DIR)/Frameworks/JavaVM.framework/Headers",
				);
				INSTALL_PATH = /usr/local/lib;
				LIBRARY_SEARCH_PATHS = (
					"$(inherited)",
					"$(LIBRARY_SEARCH_PATHS_QUOTED_1)",
				);
				LIBRARY_SEARCH_PATHS_QUOTED_1 = "\"$(SRCROOT)/ftdi-osx\"";
				PREBINDING = YES;
				PRODUCT_NAME = jd2xx;
				ZERO_LINK = YES;
			};
			name = Debug;
		};
		7E5336630BCB36BC00A003E7 /* Release */ = {
			isa = XCBuildConfiguration;
			buildSettings = {
				ARCHS = (
					ppc,
					i386,
				);
				COPY_PHASE_STRIP = YES;
				EXECUTABLE_EXTENSION = jnilib;
				EXECUTABLE_PREFIX = lib;
				GCC_ENABLE_FIX_AND_CONTINUE = NO;
				GCC_GENERATE_DEBUGGING_SYMBOLS = NO;
				GCC_MODEL_TUNING = G5;
				HEADER_SEARCH_PATHS = (
					"./ftdi-osx",
					"$(SYSTEM_LIBRARY_DIR)/Frameworks/JavaVM.framework/Headers",
				);
				INSTALL_PATH = /usr/local/lib;
				LIBRARY_SEARCH_PATHS = (
					"$(inherited)",
					"$(LIBRARY_SEARCH_PATHS_QUOTED_1)",
				);
				LIBRARY_SEARCH_PATHS_QUOTED_1 = "\"$(SRCROOT)/ftdi-osx\"";
				PREBINDING = NO;
				PRODUCT_NAME = jd2xx;
				ZERO_LINK = NO;
			};
			name = Release;
		};
		7E5337670BCB550300A003E7 /* Debug */ = {
			isa = XCBuildConfiguration;
			buildSettings = {
				COPY_PHASE_STRIP = NO;
				GCC_DYNAMIC_NO_PIC = NO;
				GCC_GENERATE_DEBUGGING_SYMBOLS = YES;
				GCC_OPTIMIZATION_LEVEL = 0;
				HEADER_SEARCH_PATHS = (
					"ftdi-osx",
					"${OBJROOT}/Headers",
					"$(SYSTEM_LIBRARY_DIR)/Frameworks/JavaVM.framework/Headers",
				);
				JAVA_COMPILER = /usr/bin/javac;
				JAVA_COMPILER_SOURCE_VERSION = 1.5;
				JAVA_COMPILER_TARGET_VM_VERSION = 1.5;
				JAVA_ONLY = YES;
				JAVA_SOURCE_SUBDIR = ./test;
				LIBRARY_SEARCH_PATHS = (
					"$(inherited)",
					"$(SRCROOT)/ftdi-osx",
				);
				OPTIMIZATION_CFLAGS = "-O0";
				OTHER_CFLAGS = "";
				OTHER_LDFLAGS = (
					"-dylib_file",
					"/usr/local/lib/libftd2xx.0.1.0.dylib:./libftd2xx.0.1.0.dylib",
				);
				OTHER_REZFLAGS = "";
				PRODUCT_NAME = "TestJ2DXX-jni";
				SECTORDER_FLAGS = "";
				WARNING_CFLAGS = (
					"-Wmost",
					"-Wno-four-char-constants",
					"-Wno-unknown-pragmas",
				);
				WRAPPER_EXTENSION = app;
			};
			name = Debug;
		};
		7E5337680BCB550300A003E7 /* Release */ = {
			isa = XCBuildConfiguration;
			buildSettings = {
				COPY_PHASE_STRIP = YES;
				GCC_ENABLE_FIX_AND_CONTINUE = NO;
				GCC_GENERATE_DEBUGGING_SYMBOLS = NO;
				JAVA_COMPILER = /usr/bin/javac;
				JAVA_ONLY = YES;
				JAVA_SOURCE_SUBDIR = .;
				LIBRARY_SEARCH_PATHS = (
					"$(inherited)",
					"$(SRCROOT)/ftdi-osx",
				);
				OPTIMIZATION_CFLAGS = "-O0";
				OTHER_CFLAGS = "";
				OTHER_LDFLAGS = "";
				OTHER_REZFLAGS = "";
				PRODUCT_NAME = TestJ2DXX;
				SECTORDER_FLAGS = "";
				WARNING_CFLAGS = (
					"-Wmost",
					"-Wno-four-char-constants",
					"-Wno-unknown-pragmas",
				);
				WRAPPER_EXTENSION = app;
				ZERO_LINK = NO;
			};
			name = Release;
		};
/* End XCBuildConfiguration section */

/* Begin XCConfigurationList section */
		4CEBA75008679E4D0015D03E /* Build configuration list for PBXLibraryTarget "Headers" */ = {
			isa = XCConfigurationList;
			buildConfigurations = (
				4CEBA75108679E4D0015D03E /* Debug */,
				4CEBA75208679E4D0015D03E /* Release */,
			);
			defaultConfigurationIsVisible = 0;
			defaultConfigurationName = Release;
		};
		4CEBA75808679E4D0015D03E /* Build configuration list for PBXAggregateTarget "MasterTarget" */ = {
			isa = XCConfigurationList;
			buildConfigurations = (
				4CEBA75908679E4D0015D03E /* Debug */,
				4CEBA75A08679E4D0015D03E /* Release */,
			);
			defaultConfigurationIsVisible = 0;
			defaultConfigurationName = Release;
		};
		4CEBA75C08679E4D0015D03E /* Build configuration list for PBXProject "J2DXX" */ = {
			isa = XCConfigurationList;
			buildConfigurations = (
				4CEBA75D08679E4D0015D03E /* Debug */,
				4CEBA75E08679E4D0015D03E /* Release */,
			);
			defaultConfigurationIsVisible = 0;
			defaultConfigurationName = Release;
		};
		7E5331AB0BCAE11600A003E7 /* Build configuration list for PBXLibraryTarget "libjd2xx.jar" */ = {
			isa = XCConfigurationList;
			buildConfigurations = (
				7E5331AC0BCAE11600A003E7 /* Debug */,
				7E5331AD0BCAE11600A003E7 /* Release */,
			);
			defaultConfigurationIsVisible = 0;
			defaultConfigurationName = Release;
		};
		7E5332700BCAFE9400A003E7 /* Build configuration list for PBXApplicationTarget "TestJ2DXX-java" */ = {
			isa = XCConfigurationList;
			buildConfigurations = (
				7E5332710BCAFE9400A003E7 /* Debug */,
				7E5332720BCAFE9400A003E7 /* Release */,
			);
			defaultConfigurationIsVisible = 0;
			defaultConfigurationName = Release;
		};
		7E5336610BCB36BC00A003E7 /* Build configuration list for PBXNativeTarget "libjd2xx.jnilib" */ = {
			isa = XCConfigurationList;
			buildConfigurations = (
				7E5336620BCB36BC00A003E7 /* Debug */,
				7E5336630BCB36BC00A003E7 /* Release */,
			);
			defaultConfigurationIsVisible = 0;
			defaultConfigurationName = Release;
		};
		7E5337660BCB550300A003E7 /* Build configuration list for PBXApplicationTarget "TestJ2DXX-jni" */ = {
			isa = XCConfigurationList;
			buildConfigurations = (
				7E5337670BCB550300A003E7 /* Debug */,
				7E5337680BCB550300A003E7 /* Release */,
			);
			defaultConfigurationIsVisible = 0;
			defaultConfigurationName = Release;
		};
/* End XCConfigurationList section */
	};
	rootObject = 00E6828EFEC88D1A11DB9C8B /* Project object */;
}
